
Microsoft Visual Studio Solution File, Format Version 12.00
# Visual Studio 2012
Project("{FAE04EC0-301F-11D3-BF4B-00C04F79EFBC}") = "BridgeTurbo", "BridgeTurbo\BridgeTurbo.csproj", "{B0E439B0-90D2-4FD5-B12A-7A0C81D33F7F}"
EndProject
Global
	GlobalSection(SolutionConfigurationPlatforms) = preSolution
		Debug|Any CPU = Debug|Any CPU
		Release|Any CPU = Release|Any CPU
	EndGlobalSection
	GlobalSection(ProjectConfigurationPlatforms) = postSolution
		{B0E439B0-90D2-4FD5-B12A-7A0C81D33F7F}.Debug|Any CPU.ActiveCfg = Debug|Any CPU
		{B0E439B0-90D2-4FD5-B12A-7A0C81D33F7F}.Debug|Any CPU.Build.0 = Debug|Any CPU
		{B0E439B0-90D2-4FD5-B12A-7A0C81D33F7F}.Release|Any CPU.ActiveCfg = Release|Any CPU
		{B0E439B0-90D2-4FD5-B12A-7A0C81D33F7F}.Release|Any CPU.Build.0 = Release|Any CPU
	EndGlobalSection
	GlobalSection(SolutionProperties) = preSolution
		HideSolutionNode = FALSE
	EndGlobalSection
EndGlobal
