
Microsoft Visual Studio Solution File, Format Version 12.00
# Visual Studio 15
VisualStudioVersion = 15.0.28010.2041
MinimumVisualStudioVersion = 10.0.40219.1
Project("{FAE04EC0-301F-11D3-BF4B-00C04F79EFBC}") = "ZarysManagment2018", "ZarysManagment2018\ZarysManagment2018.csproj", "{D84AB453-9986-43A2-8E61-1DF63AE49BDB}"
EndProject
Global
	GlobalSection(SolutionConfigurationPlatforms) = preSolution
		Debug|Any CPU = Debug|Any CPU
		Release|Any CPU = Release|Any CPU
	EndGlobalSection
	GlobalSection(ProjectConfigurationPlatforms) = postSolution
		{D84AB453-9986-43A2-8E61-1DF63AE49BDB}.Debug|Any CPU.ActiveCfg = Debug|Any CPU
		{D84AB453-9986-43A2-8E61-1DF63AE49BDB}.Debug|Any CPU.Build.0 = Debug|Any CPU
		{D84AB453-9986-43A2-8E61-1DF63AE49BDB}.Release|Any CPU.ActiveCfg = Release|Any CPU
		{D84AB453-9986-43A2-8E61-1DF63AE49BDB}.Release|Any CPU.Build.0 = Release|Any CPU
	EndGlobalSection
	GlobalSection(SolutionProperties) = preSolution
		HideSolutionNode = FALSE
	EndGlobalSection
	GlobalSection(ExtensibilityGlobals) = postSolution
		SolutionGuid = {CF93977F-062A-44B0-B30D-08C0258E49B4}
	EndGlobalSection
EndGlobal
