
Microsoft Visual Studio Solution File, Format Version 12.00
# Visual Studio 2012
Project("{FAE04EC0-301F-11D3-BF4B-00C04F79EFBC}") = "Bridge24_2.0", "Bridge24_2.0\Bridge24_2.0.csproj", "{B64D5638-6DA5-4E57-8DF5-C92D0E6F2F4C}"
EndProject
Global
	GlobalSection(SolutionConfigurationPlatforms) = preSolution
		Debug|Any CPU = Debug|Any CPU
		Release|Any CPU = Release|Any CPU
	EndGlobalSection
	GlobalSection(ProjectConfigurationPlatforms) = postSolution
		{B64D5638-6DA5-4E57-8DF5-C92D0E6F2F4C}.Debug|Any CPU.ActiveCfg = Debug|Any CPU
		{B64D5638-6DA5-4E57-8DF5-C92D0E6F2F4C}.Debug|Any CPU.Build.0 = Debug|Any CPU
		{B64D5638-6DA5-4E57-8DF5-C92D0E6F2F4C}.Release|Any CPU.ActiveCfg = Release|Any CPU
		{B64D5638-6DA5-4E57-8DF5-C92D0E6F2F4C}.Release|Any CPU.Build.0 = Release|Any CPU
	EndGlobalSection
	GlobalSection(SolutionProperties) = preSolution
		HideSolutionNode = FALSE
	EndGlobalSection
EndGlobal
